
Microsoft Visual Studio Solution File, Format Version 12.00
# Visual Studio Version 16
VisualStudioVersion = 16.0.29728.190
MinimumVisualStudioVersion = 10.0.40219.1
Project("{FAE04EC0-301F-11D3-BF4B-00C04F79EFBC}") = "AoBTool", "AoBTool\AoBTool.csproj", "{DC087C0D-6DE1-438A-9A52-7DE841428E41}"
EndProject
Global
	GlobalSection(SolutionConfigurationPlatforms) = preSolution
		Debug|Any CPU = Debug|Any CPU
		Release|Any CPU = Release|Any CPU
	EndGlobalSection
	GlobalSection(ProjectConfigurationPlatforms) = postSolution
		{DC087C0D-6DE1-438A-9A52-7DE841428E41}.Debug|Any CPU.ActiveCfg = Debug|Any CPU
		{DC087C0D-6DE1-438A-9A52-7DE841428E41}.Debug|Any CPU.Build.0 = Debug|Any CPU
		{DC087C0D-6DE1-438A-9A52-7DE841428E41}.Release|Any CPU.ActiveCfg = Release|Any CPU
		{DC087C0D-6DE1-438A-9A52-7DE841428E41}.Release|Any CPU.Build.0 = Release|Any CPU
	EndGlobalSection
	GlobalSection(SolutionProperties) = preSolution
		HideSolutionNode = FALSE
	EndGlobalSection
	GlobalSection(ExtensibilityGlobals) = postSolution
		SolutionGuid = {380C4CFC-35B6-45DE-89C8-CAD44DF80EFE}
	EndGlobalSection
EndGlobal
